
Microsoft Visual Studio Solution File, Format Version 12.00
# Visual Studio Version 16
VisualStudioVersion = 16.0.28729.10
MinimumVisualStudioVersion = 10.0.40219.1
Project("{FAE04EC0-301F-11D3-BF4B-00C04F79EFBC}") = "Publish", "Publish\Publish.csproj", "{8CD0C0B3-0A3D-4A78-9666-235C9D44C772}"
EndProject
Project("{FAE04EC0-301F-11D3-BF4B-00C04F79EFBC}") = "Subscribe", "Subscribe\Subscribe.csproj", "{943BA538-4401-4FAE-85AF-3E572A36AE96}"
EndProject
Project("{FAE04EC0-301F-11D3-BF4B-00C04F79EFBC}") = "Message", "Message\Message.csproj", "{5B61FA2E-E0FD-4B9D-B7D1-42D590E1EA01}"
EndProject
Project("{FAE04EC0-301F-11D3-BF4B-00C04F79EFBC}") = "Common", "Common\Common.csproj", "{DA71B230-CD8F-4A8F-9024-334C9B213ED9}"
EndProject
Global
	GlobalSection(SolutionConfigurationPlatforms) = preSolution
		Debug|Any CPU = Debug|Any CPU
		Release|Any CPU = Release|Any CPU
	EndGlobalSection
	GlobalSection(ProjectConfigurationPlatforms) = postSolution
		{8CD0C0B3-0A3D-4A78-9666-235C9D44C772}.Debug|Any CPU.ActiveCfg = Debug|Any CPU
		{8CD0C0B3-0A3D-4A78-9666-235C9D44C772}.Debug|Any CPU.Build.0 = Debug|Any CPU
		{8CD0C0B3-0A3D-4A78-9666-235C9D44C772}.Release|Any CPU.ActiveCfg = Release|Any CPU
		{8CD0C0B3-0A3D-4A78-9666-235C9D44C772}.Release|Any CPU.Build.0 = Release|Any CPU
		{943BA538-4401-4FAE-85AF-3E572A36AE96}.Debug|Any CPU.ActiveCfg = Debug|Any CPU
		{943BA538-4401-4FAE-85AF-3E572A36AE96}.Debug|Any CPU.Build.0 = Debug|Any CPU
		{943BA538-4401-4FAE-85AF-3E572A36AE96}.Release|Any CPU.ActiveCfg = Release|Any CPU
		{943BA538-4401-4FAE-85AF-3E572A36AE96}.Release|Any CPU.Build.0 = Release|Any CPU
		{5B61FA2E-E0FD-4B9D-B7D1-42D590E1EA01}.Debug|Any CPU.ActiveCfg = Debug|Any CPU
		{5B61FA2E-E0FD-4B9D-B7D1-42D590E1EA01}.Debug|Any CPU.Build.0 = Debug|Any CPU
		{5B61FA2E-E0FD-4B9D-B7D1-42D590E1EA01}.Release|Any CPU.ActiveCfg = Release|Any CPU
		{5B61FA2E-E0FD-4B9D-B7D1-42D590E1EA01}.Release|Any CPU.Build.0 = Release|Any CPU
		{DA71B230-CD8F-4A8F-9024-334C9B213ED9}.Debug|Any CPU.ActiveCfg = Debug|Any CPU
		{DA71B230-CD8F-4A8F-9024-334C9B213ED9}.Debug|Any CPU.Build.0 = Debug|Any CPU
		{DA71B230-CD8F-4A8F-9024-334C9B213ED9}.Release|Any CPU.ActiveCfg = Release|Any CPU
		{DA71B230-CD8F-4A8F-9024-334C9B213ED9}.Release|Any CPU.Build.0 = Release|Any CPU
	EndGlobalSection
	GlobalSection(SolutionProperties) = preSolution
		HideSolutionNode = FALSE
	EndGlobalSection
	GlobalSection(ExtensibilityGlobals) = postSolution
		SolutionGuid = {AD8BB911-1FE5-4B3F-923C-DA2472D7628F}
	EndGlobalSection
EndGlobal
