
Microsoft Visual Studio Solution File, Format Version 12.00
# Visual Studio 15
VisualStudioVersion = 15.0.28307.1082
MinimumVisualStudioVersion = 10.0.40219.1
Project("{9A19103F-16F7-4668-BE54-9A1E7A4F7556}") = "Producer", "Producer\Producer.csproj", "{8CD0C0B3-0A3D-4A78-9666-235C9D44C772}"
EndProject
Project("{9A19103F-16F7-4668-BE54-9A1E7A4F7556}") = "Consumer", "Consumer\Consumer.csproj", "{943BA538-4401-4FAE-85AF-3E572A36AE96}"
EndProject
Project("{9A19103F-16F7-4668-BE54-9A1E7A4F7556}") = "Common", "Common\Common.csproj", "{DA71B230-CD8F-4A8F-9024-334C9B213ED9}"
EndProject
Global
	GlobalSection(SolutionConfigurationPlatforms) = preSolution
		Debug|Any CPU = Debug|Any CPU
		Release|Any CPU = Release|Any CPU
	EndGlobalSection
	GlobalSection(ProjectConfigurationPlatforms) = postSolution
		{8CD0C0B3-0A3D-4A78-9666-235C9D44C772}.Debug|Any CPU.ActiveCfg = Debug|Any CPU
		{8CD0C0B3-0A3D-4A78-9666-235C9D44C772}.Debug|Any CPU.Build.0 = Debug|Any CPU
		{8CD0C0B3-0A3D-4A78-9666-235C9D44C772}.Release|Any CPU.ActiveCfg = Release|Any CPU
		{8CD0C0B3-0A3D-4A78-9666-235C9D44C772}.Release|Any CPU.Build.0 = Release|Any CPU
		{943BA538-4401-4FAE-85AF-3E572A36AE96}.Debug|Any CPU.ActiveCfg = Debug|Any CPU
		{943BA538-4401-4FAE-85AF-3E572A36AE96}.Debug|Any CPU.Build.0 = Debug|Any CPU
		{943BA538-4401-4FAE-85AF-3E572A36AE96}.Release|Any CPU.ActiveCfg = Release|Any CPU
		{943BA538-4401-4FAE-85AF-3E572A36AE96}.Release|Any CPU.Build.0 = Release|Any CPU
		{DA71B230-CD8F-4A8F-9024-334C9B213ED9}.Debug|Any CPU.ActiveCfg = Debug|Any CPU
		{DA71B230-CD8F-4A8F-9024-334C9B213ED9}.Debug|Any CPU.Build.0 = Debug|Any CPU
		{DA71B230-CD8F-4A8F-9024-334C9B213ED9}.Release|Any CPU.ActiveCfg = Release|Any CPU
		{DA71B230-CD8F-4A8F-9024-334C9B213ED9}.Release|Any CPU.Build.0 = Release|Any CPU
	EndGlobalSection
	GlobalSection(SolutionProperties) = preSolution
		HideSolutionNode = FALSE
	EndGlobalSection
	GlobalSection(ExtensibilityGlobals) = postSolution
		SolutionGuid = {AD8BB911-1FE5-4B3F-923C-DA2472D7628F}
	EndGlobalSection
EndGlobal
